
Microsoft Visual Studio Solution File, Format Version 12.00
# Visual Studio Version 17
VisualStudioVersion = 17.2.32505.173
MinimumVisualStudioVersion = 10.0.40219.1
Project("{FAE04EC0-301F-11D3-BF4B-00C04F79EFBC}") = "Crystal Folders", "Crystal Folders\Crystal Folders.csproj", "{3D40E68A-3A26-4460-AA56-289A8E26C12A}"
EndProject
Global
	GlobalSection(SolutionConfigurationPlatforms) = preSolution
		Debug|Any CPU = Debug|Any CPU
		Release|Any CPU = Release|Any CPU
	EndGlobalSection
	GlobalSection(ProjectConfigurationPlatforms) = postSolution
		{3D40E68A-3A26-4460-AA56-289A8E26C12A}.Debug|Any CPU.ActiveCfg = Debug|Any CPU
		{3D40E68A-3A26-4460-AA56-289A8E26C12A}.Debug|Any CPU.Build.0 = Debug|Any CPU
		{3D40E68A-3A26-4460-AA56-289A8E26C12A}.Release|Any CPU.ActiveCfg = Release|Any CPU
		{3D40E68A-3A26-4460-AA56-289A8E26C12A}.Release|Any CPU.Build.0 = Release|Any CPU
	EndGlobalSection
	GlobalSection(SolutionProperties) = preSolution
		HideSolutionNode = FALSE
	EndGlobalSection
	GlobalSection(ExtensibilityGlobals) = postSolution
		SolutionGuid = {5AC4CC0A-4C11-4EEA-8006-38B5B64C7D8F}
	EndGlobalSection
EndGlobal
